// !$*UTF8*$!
{
	archiveVersion = 1;
	classes = {
	};
	objectVersion = 55;
	objects = {

/* Begin PBXBuildFile section */
		18AB896F757E0535ACA6FD26 /* Service_Service.bundle in Dependencies */ = {isa = PBXBuildFile; fileRef = 49406A72315BCF291C602908 /* Service_Service.bundle */; };
		1DC778FE3FA9D1C081547EDD /* NetworkExported.swift in Sources */ = {isa = PBXBuildFile; fileRef = 3903D8FBFE4D8119C66B0F2B /* NetworkExported.swift */; };
		50EABD122806F7EC080A852C /* NetworkExported.swift in Sources */ = {isa = PBXBuildFile; fileRef = 3903D8FBFE4D8119C66B0F2B /* NetworkExported.swift */; };
		64C4D0CFECFDC64E2A129A6E /* OSLog.framework in Frameworks */ = {isa = PBXBuildFile; fileRef = 5074976D52FE8899CA90F60F /* OSLog.framework */; };
		6DCBBA1942C6B7AB33E35773 /* NetworkExported.swift in Sources */ = {isa = PBXBuildFile; fileRef = 3903D8FBFE4D8119C66B0F2B /* NetworkExported.swift */; };
		83D39C6F26D8FA847A31EB63 /* Service.framework in Frameworks */ = {isa = PBXBuildFile; fileRef = 51AF163666CF102C5BF2CE72 /* Service.framework */; };
		9A753FFAB773966348ECE11E /* Service_Service.bundle in Resources */ = {isa = PBXBuildFile; fileRef = 49406A72315BCF291C602908 /* Service_Service.bundle */; };
		B74A8D04CAA062AD0DDE2155 /* NetworkExported.swift in Sources */ = {isa = PBXBuildFile; fileRef = 3903D8FBFE4D8119C66B0F2B /* NetworkExported.swift */; };
		C8293340A10FEE0836B12AEB /* LogMacro.framework in Frameworks */ = {isa = PBXBuildFile; fileRef = 7DA6E9B7E2615630432C0F2C /* LogMacro.framework */; };
		C8FC09ADD2F6D78402623EBD /* Service.framework in Dependencies */ = {isa = PBXBuildFile; fileRef = 51AF163666CF102C5BF2CE72 /* Service.framework */; };
		D4F516F66478DC837D5BFDC6 /* Test.swift in Sources */ = {isa = PBXBuildFile; fileRef = BCF79038850EED254B1A7A09 /* Test.swift */; };
		ED0100CD5A239567D08311E5 /* Service.framework in Dependencies */ = {isa = PBXBuildFile; fileRef = 51AF163666CF102C5BF2CE72 /* Service.framework */; };
		EFB3BF708A14FDE66C8B09D9 /* Network.framework in Frameworks */ = {isa = PBXBuildFile; fileRef = 9E27ED4FA2CB56FEC39887EA /* Network.framework */; };
		F65DF7C41597A0718C3F58EE /* Service.framework in Dependencies */ = {isa = PBXBuildFile; fileRef = 51AF163666CF102C5BF2CE72 /* Service.framework */; };
		FF7B29FBA6EC58308F92B62F /* Service.framework in Dependencies */ = {isa = PBXBuildFile; fileRef = 51AF163666CF102C5BF2CE72 /* Service.framework */; };
/* End PBXBuildFile section */

/* Begin PBXContainerItemProxy section */
		74921912F3A49DD393D752BE /* PBXContainerItemProxy */ = {
			isa = PBXContainerItemProxy;
			containerPortal = CE30DA66E8F9024F4E5F5F22 /* Project object */;
			proxyType = 1;
			remoteGlobalIDString = A1AEBE67F28FC7607B2C411E;
			remoteInfo = Network;
		};
/* End PBXContainerItemProxy section */

/* Begin PBXCopyFilesBuildPhase section */
		1854DF020C1544F96D7445BF /* Embed Frameworks */ = {
			isa = PBXCopyFilesBuildPhase;
			buildActionMask = 2147483647;
			dstPath = "";
			dstSubfolderSpec = 10;
			files = (
			);
			name = "Embed Frameworks";
			runOnlyForDeploymentPostprocessing = 0;
		};
		25CC73EFCBFA850690E82C35 /* Embed Frameworks */ = {
			isa = PBXCopyFilesBuildPhase;
			buildActionMask = 2147483647;
			dstPath = "";
			dstSubfolderSpec = 10;
			files = (
			);
			name = "Embed Frameworks";
			runOnlyForDeploymentPostprocessing = 0;
		};
		2A7097576C6F0F0F60A2FFB7 /* Dependencies */ = {
			isa = PBXCopyFilesBuildPhase;
			buildActionMask = 8;
			dstSubfolderSpec = 16;
			files = (
				ED0100CD5A239567D08311E5 /* Service.framework in Dependencies */,
			);
			name = Dependencies;
			runOnlyForDeploymentPostprocessing = 1;
		};
		30178E1D9AC2F09E6B29BA88 /* Dependencies */ = {
			isa = PBXCopyFilesBuildPhase;
			buildActionMask = 8;
			dstSubfolderSpec = 16;
			files = (
				18AB896F757E0535ACA6FD26 /* Service_Service.bundle in Dependencies */,
			);
			name = Dependencies;
			runOnlyForDeploymentPostprocessing = 1;
		};
		3720E0854436FBB35A7CB8D8 /* Dependencies */ = {
			isa = PBXCopyFilesBuildPhase;
			buildActionMask = 8;
			dstSubfolderSpec = 16;
			files = (
				F65DF7C41597A0718C3F58EE /* Service.framework in Dependencies */,
			);
			name = Dependencies;
			runOnlyForDeploymentPostprocessing = 1;
		};
		5F7DE942DA11C46A4E2B8327 /* Embed Frameworks */ = {
			isa = PBXCopyFilesBuildPhase;
			buildActionMask = 2147483647;
			dstPath = "";
			dstSubfolderSpec = 10;
			files = (
			);
			name = "Embed Frameworks";
			runOnlyForDeploymentPostprocessing = 0;
		};
		6EC07E05FDB1B9377664371A /* Embed Frameworks */ = {
			isa = PBXCopyFilesBuildPhase;
			buildActionMask = 2147483647;
			dstPath = "";
			dstSubfolderSpec = 10;
			files = (
			);
			name = "Embed Frameworks";
			runOnlyForDeploymentPostprocessing = 0;
		};
		994F8AD746C2E643D548E0E9 /* Dependencies */ = {
			isa = PBXCopyFilesBuildPhase;
			buildActionMask = 8;
			dstSubfolderSpec = 16;
			files = (
				C8FC09ADD2F6D78402623EBD /* Service.framework in Dependencies */,
			);
			name = Dependencies;
			runOnlyForDeploymentPostprocessing = 1;
		};
		A9DAD2FDA421E01ED4AB64B3 /* Embed Frameworks */ = {
			isa = PBXCopyFilesBuildPhase;
			buildActionMask = 2147483647;
			dstPath = "";
			dstSubfolderSpec = 10;
			files = (
			);
			name = "Embed Frameworks";
			runOnlyForDeploymentPostprocessing = 0;
		};
		DFF7A131409C8513E098E6CD /* Dependencies */ = {
			isa = PBXCopyFilesBuildPhase;
			buildActionMask = 8;
			dstSubfolderSpec = 16;
			files = (
				FF7B29FBA6EC58308F92B62F /* Service.framework in Dependencies */,
			);
			name = Dependencies;
			runOnlyForDeploymentPostprocessing = 1;
		};
/* End PBXCopyFilesBuildPhase section */

/* Begin PBXFileReference section */
		3903D8FBFE4D8119C66B0F2B /* NetworkExported.swift */ = {isa = PBXFileReference; lastKnownFileType = sourcecode.swift; path = NetworkExported.swift; sourceTree = "<group>"; };
		3BD0D12F048608411611DEF7 /* Network_Stage.framework */ = {isa = PBXFileReference; explicitFileType = wrapper.framework; includeInIndex = 0; path = Network_Stage.framework; sourceTree = BUILT_PRODUCTS_DIR; };
		49406A72315BCF291C602908 /* Service_Service.bundle */ = {isa = PBXFileReference; explicitFileType = wrapper.cfbundle; includeInIndex = 0; path = Service_Service.bundle; sourceTree = BUILT_PRODUCTS_DIR; };
		4B1D54DB865340F89331FF8C /* Network-Info.plist */ = {isa = PBXFileReference; lastKnownFileType = text.plist; path = "Network-Info.plist"; sourceTree = "<group>"; };
		5015E5D95CF8667CDAC6B4AA /* NetworkTests-Info.plist */ = {isa = PBXFileReference; lastKnownFileType = text.plist; path = "NetworkTests-Info.plist"; sourceTree = "<group>"; };
		5074976D52FE8899CA90F60F /* OSLog.framework */ = {isa = PBXFileReference; lastKnownFileType = wrapper.framework; name = OSLog.framework; path = Platforms/iPhoneOS.platform/Developer/SDKs/iPhoneOS.sdk/System/Library/Frameworks/OSLog.framework; sourceTree = DEVELOPER_DIR; };
		51AF163666CF102C5BF2CE72 /* Service.framework */ = {isa = PBXFileReference; explicitFileType = wrapper.framework; includeInIndex = 0; path = Service.framework; sourceTree = BUILT_PRODUCTS_DIR; };
		6E6E7E19DBAA6BA963797B37 /* Network-Stage-Info.plist */ = {isa = PBXFileReference; lastKnownFileType = text.plist; path = "Network-Stage-Info.plist"; sourceTree = "<group>"; };
		7DA6E9B7E2615630432C0F2C /* LogMacro.framework */ = {isa = PBXFileReference; explicitFileType = wrapper.framework; includeInIndex = 0; path = LogMacro.framework; sourceTree = BUILT_PRODUCTS_DIR; };
		9E27ED4FA2CB56FEC39887EA /* Network.framework */ = {isa = PBXFileReference; explicitFileType = wrapper.framework; includeInIndex = 0; path = Network.framework; sourceTree = BUILT_PRODUCTS_DIR; };
		B2A3994F6C2D02B5B6D91420 /* Network_Debug.framework */ = {isa = PBXFileReference; explicitFileType = wrapper.framework; includeInIndex = 0; path = Network_Debug.framework; sourceTree = BUILT_PRODUCTS_DIR; };
		B605577BB7128159085947AD /* Network_Prod.framework */ = {isa = PBXFileReference; explicitFileType = wrapper.framework; includeInIndex = 0; path = Network_Prod.framework; sourceTree = BUILT_PRODUCTS_DIR; };
		BCF79038850EED254B1A7A09 /* Test.swift */ = {isa = PBXFileReference; lastKnownFileType = sourcecode.swift; path = Test.swift; sourceTree = "<group>"; };
		F4C8609A220725072BEA3D4C /* Network-Prod-Info.plist */ = {isa = PBXFileReference; lastKnownFileType = text.plist; path = "Network-Prod-Info.plist"; sourceTree = "<group>"; };
		FC0BE7642877FE64F6A9236D /* Network-Debug-Info.plist */ = {isa = PBXFileReference; lastKnownFileType = text.plist; path = "Network-Debug-Info.plist"; sourceTree = "<group>"; };
		FEF8D6A1F2989443BD0A2218 /* NetworkTests.xctest */ = {isa = PBXFileReference; explicitFileType = wrapper.cfbundle; includeInIndex = 0; path = NetworkTests.xctest; sourceTree = BUILT_PRODUCTS_DIR; };
/* End PBXFileReference section */

/* Begin PBXFrameworksBuildPhase section */
		255DE93DF334B444C510828B /* Frameworks */ = {
			isa = PBXFrameworksBuildPhase;
			buildActionMask = 2147483647;
			files = (
			);
			runOnlyForDeploymentPostprocessing = 0;
		};
		437591BC673FB1CC3BC2CEBC /* Frameworks */ = {
			isa = PBXFrameworksBuildPhase;
			buildActionMask = 2147483647;
			files = (
			);
			runOnlyForDeploymentPostprocessing = 0;
		};
		7ED7BCFB0AD314A2DD1E161F /* Frameworks */ = {
			isa = PBXFrameworksBuildPhase;
			buildActionMask = 2147483647;
			files = (
			);
			runOnlyForDeploymentPostprocessing = 0;
		};
		D349EE7DE02EB335DB0DBD6A /* Frameworks */ = {
			isa = PBXFrameworksBuildPhase;
			buildActionMask = 2147483647;
			files = (
			);
			runOnlyForDeploymentPostprocessing = 0;
		};
		D4E73BBAFF38C9F70CF753D6 /* Frameworks */ = {
			isa = PBXFrameworksBuildPhase;
			buildActionMask = 2147483647;
			files = (
				64C4D0CFECFDC64E2A129A6E /* OSLog.framework in Frameworks */,
				C8293340A10FEE0836B12AEB /* LogMacro.framework in Frameworks */,
				EFB3BF708A14FDE66C8B09D9 /* Network.framework in Frameworks */,
				83D39C6F26D8FA847A31EB63 /* Service.framework in Frameworks */,
			);
			runOnlyForDeploymentPostprocessing = 0;
		};
/* End PBXFrameworksBuildPhase section */

/* Begin PBXGroup section */
		25424697649C9F66AF152A0F /* Derived */ = {
			isa = PBXGroup;
			children = (
				486DDB1D159A94152A9C90BF /* InfoPlists */,
			);
			path = Derived;
			sourceTree = "<group>";
		};
		3EF1BC247FB98DFA111C501D /* Exorted */ = {
			isa = PBXGroup;
			children = (
				3903D8FBFE4D8119C66B0F2B /* NetworkExported.swift */,
			);
			path = Exorted;
			sourceTree = "<group>";
		};
		45136B8DDE2D542E43FEAB3B = {
			isa = PBXGroup;
			children = (
				DA2A7B178B1FAD113C3DC944 /* Project */,
				B02A4899222D2A1DA3F4A4FA /* Products */,
				E28E2C8DB194E60CF4C5EA44 /* Frameworks */,
			);
			sourceTree = "<group>";
		};
		486DDB1D159A94152A9C90BF /* InfoPlists */ = {
			isa = PBXGroup;
			children = (
				FC0BE7642877FE64F6A9236D /* Network-Debug-Info.plist */,
				4B1D54DB865340F89331FF8C /* Network-Info.plist */,
				F4C8609A220725072BEA3D4C /* Network-Prod-Info.plist */,
				6E6E7E19DBAA6BA963797B37 /* Network-Stage-Info.plist */,
				5015E5D95CF8667CDAC6B4AA /* NetworkTests-Info.plist */,
			);
			path = InfoPlists;
			sourceTree = "<group>";
		};
		86EE5E83306F6D80F93AB42F /* Sources */ = {
			isa = PBXGroup;
			children = (
				3EF1BC247FB98DFA111C501D /* Exorted */,
			);
			path = Sources;
			sourceTree = "<group>";
		};
		8C8ECC8C998479D16F8BBEAF /* NetworkTests */ = {
			isa = PBXGroup;
			children = (
				D5E7F1B97381EE52F5509AF5 /* Sources */,
			);
			path = NetworkTests;
			sourceTree = "<group>";
		};
		B02A4899222D2A1DA3F4A4FA /* Products */ = {
			isa = PBXGroup;
			children = (
				7DA6E9B7E2615630432C0F2C /* LogMacro.framework */,
				B2A3994F6C2D02B5B6D91420 /* Network_Debug.framework */,
				B605577BB7128159085947AD /* Network_Prod.framework */,
				3BD0D12F048608411611DEF7 /* Network_Stage.framework */,
				9E27ED4FA2CB56FEC39887EA /* Network.framework */,
				FEF8D6A1F2989443BD0A2218 /* NetworkTests.xctest */,
				49406A72315BCF291C602908 /* Service_Service.bundle */,
				51AF163666CF102C5BF2CE72 /* Service.framework */,
			);
			name = Products;
			sourceTree = "<group>";
		};
		D5E7F1B97381EE52F5509AF5 /* Sources */ = {
			isa = PBXGroup;
			children = (
				BCF79038850EED254B1A7A09 /* Test.swift */,
			);
			path = Sources;
			sourceTree = "<group>";
		};
		DA2A7B178B1FAD113C3DC944 /* Project */ = {
			isa = PBXGroup;
			children = (
				25424697649C9F66AF152A0F /* Derived */,
				8C8ECC8C998479D16F8BBEAF /* NetworkTests */,
				86EE5E83306F6D80F93AB42F /* Sources */,
			);
			name = Project;
			sourceTree = "<group>";
		};
		E28E2C8DB194E60CF4C5EA44 /* Frameworks */ = {
			isa = PBXGroup;
			children = (
				5074976D52FE8899CA90F60F /* OSLog.framework */,
			);
			name = Frameworks;
			sourceTree = "<group>";
		};
/* End PBXGroup section */

/* Begin PBXNativeTarget section */
		657C8AD31748F53CAAEA4BFB /* Network-Prod */ = {
			isa = PBXNativeTarget;
			buildConfigurationList = 337C43067ACDF407C9B29C67 /* Build configuration list for PBXNativeTarget "Network-Prod" */;
			buildPhases = (
				65C8294E334437B3FBD2BD44 /* Sources */,
				37A03958D3E5E9806194C159 /* Resources */,
				7ED7BCFB0AD314A2DD1E161F /* Frameworks */,
				5F7DE942DA11C46A4E2B8327 /* Embed Frameworks */,
				2A7097576C6F0F0F60A2FFB7 /* Dependencies */,
			);
			buildRules = (
			);
			dependencies = (
			);
			name = "Network-Prod";
			packageProductDependencies = (
			);
			productName = Network_Prod;
			productReference = B605577BB7128159085947AD /* Network_Prod.framework */;
			productType = "com.apple.product-type.framework";
		};
		802E8B11362B1C5C00136DF4 /* NetworkTests */ = {
			isa = PBXNativeTarget;
			buildConfigurationList = 379CEDB68CA75D0691C9BE7E /* Build configuration list for PBXNativeTarget "NetworkTests" */;
			buildPhases = (
				C165DA99FCC1F49503359338 /* Sources */,
				A7D53FE4853B57BE7FC2A40F /* Resources */,
				D4E73BBAFF38C9F70CF753D6 /* Frameworks */,
				25CC73EFCBFA850690E82C35 /* Embed Frameworks */,
				30178E1D9AC2F09E6B29BA88 /* Dependencies */,
			);
			buildRules = (
			);
			dependencies = (
				60EE529F107346FB590F83E5 /* PBXTargetDependency */,
			);
			name = NetworkTests;
			packageProductDependencies = (
			);
			productName = NetworkTests;
			productReference = FEF8D6A1F2989443BD0A2218 /* NetworkTests.xctest */;
			productType = "com.apple.product-type.bundle.unit-test";
		};
		8779CB6E7E2253FDBBC64E76 /* Network-Stage */ = {
			isa = PBXNativeTarget;
			buildConfigurationList = D6F8404E921C30AF5A1E6992 /* Build configuration list for PBXNativeTarget "Network-Stage" */;
			buildPhases = (
				2F091C9890391114B12D3787 /* Sources */,
				D98E293DF4BB0A17C4E9413C /* Resources */,
				D349EE7DE02EB335DB0DBD6A /* Frameworks */,
				6EC07E05FDB1B9377664371A /* Embed Frameworks */,
				3720E0854436FBB35A7CB8D8 /* Dependencies */,
			);
			buildRules = (
			);
			dependencies = (
			);
			name = "Network-Stage";
			packageProductDependencies = (
			);
			productName = Network_Stage;
			productReference = 3BD0D12F048608411611DEF7 /* Network_Stage.framework */;
			productType = "com.apple.product-type.framework";
		};
		A1AEBE67F28FC7607B2C411E /* Network */ = {
			isa = PBXNativeTarget;
			buildConfigurationList = AAE8D133E507755E98BE4D27 /* Build configuration list for PBXNativeTarget "Network" */;
			buildPhases = (
				172C8586A0850CD6189763C2 /* Sources */,
				C03F7BC015EBF76D352BD749 /* Resources */,
				437591BC673FB1CC3BC2CEBC /* Frameworks */,
				1854DF020C1544F96D7445BF /* Embed Frameworks */,
				DFF7A131409C8513E098E6CD /* Dependencies */,
			);
			buildRules = (
			);
			dependencies = (
			);
			name = Network;
			packageProductDependencies = (
			);
			productName = Network;
			productReference = 9E27ED4FA2CB56FEC39887EA /* Network.framework */;
			productType = "com.apple.product-type.framework";
		};
		B9925BBD6007507EDDA98C2F /* Network-Debug */ = {
			isa = PBXNativeTarget;
			buildConfigurationList = 729B38D65226926BDC2E54C4 /* Build configuration list for PBXNativeTarget "Network-Debug" */;
			buildPhases = (
				03703D87821C1E09EE83FED7 /* Sources */,
				3DA066F5135C775339358927 /* Resources */,
				255DE93DF334B444C510828B /* Frameworks */,
				A9DAD2FDA421E01ED4AB64B3 /* Embed Frameworks */,
				994F8AD746C2E643D548E0E9 /* Dependencies */,
			);
			buildRules = (
			);
			dependencies = (
			);
			name = "Network-Debug";
			packageProductDependencies = (
			);
			productName = Network_Debug;
			productReference = B2A3994F6C2D02B5B6D91420 /* Network_Debug.framework */;
			productType = "com.apple.product-type.framework";
		};
/* End PBXNativeTarget section */

/* Begin PBXProject section */
		CE30DA66E8F9024F4E5F5F22 /* Project object */ = {
			isa = PBXProject;
			attributes = {
				BuildIndependentTargetsInParallel = YES;
				TargetAttributes = {
				};
			};
			buildConfigurationList = EB691E6AAD04B88F092CB587 /* Build configuration list for PBXProject "Network" */;
			compatibilityVersion = "Xcode 14.0";
			developmentRegion = ko;
			hasScannedForEncodings = 0;
			knownRegions = (
				en,
				ko,
			);
			mainGroup = 45136B8DDE2D542E43FEAB3B;
			productRefGroup = B02A4899222D2A1DA3F4A4FA /* Products */;
			projectDirPath = "";
			projectRoot = "";
			targets = (
				A1AEBE67F28FC7607B2C411E /* Network */,
				B9925BBD6007507EDDA98C2F /* Network-Debug */,
				657C8AD31748F53CAAEA4BFB /* Network-Prod */,
				8779CB6E7E2253FDBBC64E76 /* Network-Stage */,
				802E8B11362B1C5C00136DF4 /* NetworkTests */,
			);
		};
/* End PBXProject section */

/* Begin PBXResourcesBuildPhase section */
		37A03958D3E5E9806194C159 /* Resources */ = {
			isa = PBXResourcesBuildPhase;
			buildActionMask = 2147483647;
			files = (
			);
			runOnlyForDeploymentPostprocessing = 0;
		};
		3DA066F5135C775339358927 /* Resources */ = {
			isa = PBXResourcesBuildPhase;
			buildActionMask = 2147483647;
			files = (
			);
			runOnlyForDeploymentPostprocessing = 0;
		};
		A7D53FE4853B57BE7FC2A40F /* Resources */ = {
			isa = PBXResourcesBuildPhase;
			buildActionMask = 2147483647;
			files = (
				9A753FFAB773966348ECE11E /* Service_Service.bundle in Resources */,
			);
			runOnlyForDeploymentPostprocessing = 0;
		};
		C03F7BC015EBF76D352BD749 /* Resources */ = {
			isa = PBXResourcesBuildPhase;
			buildActionMask = 2147483647;
			files = (
			);
			runOnlyForDeploymentPostprocessing = 0;
		};
		D98E293DF4BB0A17C4E9413C /* Resources */ = {
			isa = PBXResourcesBuildPhase;
			buildActionMask = 2147483647;
			files = (
			);
			runOnlyForDeploymentPostprocessing = 0;
		};
/* End PBXResourcesBuildPhase section */

/* Begin PBXSourcesBuildPhase section */
		03703D87821C1E09EE83FED7 /* Sources */ = {
			isa = PBXSourcesBuildPhase;
			buildActionMask = 2147483647;
			files = (
				1DC778FE3FA9D1C081547EDD /* NetworkExported.swift in Sources */,
			);
			runOnlyForDeploymentPostprocessing = 0;
		};
		172C8586A0850CD6189763C2 /* Sources */ = {
			isa = PBXSourcesBuildPhase;
			buildActionMask = 2147483647;
			files = (
				6DCBBA1942C6B7AB33E35773 /* NetworkExported.swift in Sources */,
			);
			runOnlyForDeploymentPostprocessing = 0;
		};
		2F091C9890391114B12D3787 /* Sources */ = {
			isa = PBXSourcesBuildPhase;
			buildActionMask = 2147483647;
			files = (
				B74A8D04CAA062AD0DDE2155 /* NetworkExported.swift in Sources */,
			);
			runOnlyForDeploymentPostprocessing = 0;
		};
		65C8294E334437B3FBD2BD44 /* Sources */ = {
			isa = PBXSourcesBuildPhase;
			buildActionMask = 2147483647;
			files = (
				50EABD122806F7EC080A852C /* NetworkExported.swift in Sources */,
			);
			runOnlyForDeploymentPostprocessing = 0;
		};
		C165DA99FCC1F49503359338 /* Sources */ = {
			isa = PBXSourcesBuildPhase;
			buildActionMask = 2147483647;
			files = (
				D4F516F66478DC837D5BFDC6 /* Test.swift in Sources */,
			);
			runOnlyForDeploymentPostprocessing = 0;
		};
/* End PBXSourcesBuildPhase section */

/* Begin PBXTargetDependency section */
		60EE529F107346FB590F83E5 /* PBXTargetDependency */ = {
			isa = PBXTargetDependency;
			name = Network;
			target = A1AEBE67F28FC7607B2C411E /* Network */;
			targetProxy = 74921912F3A49DD393D752BE /* PBXContainerItemProxy */;
		};
/* End PBXTargetDependency section */

/* Begin XCBuildConfiguration section */
		04F3E82E7E9FD1D398CED439 /* Debug */ = {
			isa = XCBuildConfiguration;
			buildSettings = {
				CODE_SIGN_IDENTITY = "";
				CURRENT_PROJECT_VERSION = 1;
				DEFINES_MODULE = YES;
				DYLIB_COMPATIBILITY_VERSION = 1;
				DYLIB_CURRENT_VERSION = 1;
				DYLIB_INSTALL_NAME_BASE = "@rpath";
				HEADER_SEARCH_PATHS = (
					"$(inherited)",
					"$(SRCROOT)/../../../../Tuist/.build/checkouts/swift-syntax/Sources/_SwiftSyntaxCShims/include",
				);
				INFOPLIST_FILE = "Derived/InfoPlists/Network-Info.plist";
				INSTALL_PATH = "$(LOCAL_LIBRARY_DIR)/Frameworks";
				IPHONEOS_DEPLOYMENT_TARGET = 17.0;
				LD_RUNPATH_SEARCH_PATHS = (
					"$(inherited)",
					"@executable_path/Frameworks",
					"@loader_path/Frameworks",
				);
				MACH_O_TYPE = staticlib;
				OTHER_CFLAGS = (
					"$(inherited)",
					"-fmodule-map-file=$(SRCROOT)/../../../../Tuist/.build/checkouts/swift-syntax/Sources/_SwiftSyntaxCShims/include/module.modulemap",
				);
				OTHER_SWIFT_FLAGS = (
					"$(inherited)",
					"-Xcc",
					"-fmodule-map-file=$(SRCROOT)/../../../../Tuist/.build/checkouts/swift-syntax/Sources/_SwiftSyntaxCShims/include/module.modulemap",
					"-load-plugin-executable",
					"$BUILD_DIR/Debug$EFFECTIVE_PLATFORM_NAME/LogMacroMacro#LogMacroMacro",
				);
				PRODUCT_BUNDLE_IDENTIFIER = io.Roy.BookSeries.Network;
				PRODUCT_NAME = Network;
				SDKROOT = iphoneos;
				SKIP_INSTALL = YES;
				SUPPORTS_MACCATALYST = NO;
				SUPPORTS_MAC_DESIGNED_FOR_IPHONE_IPAD = NO;
				SUPPORTS_XR_DESIGNED_FOR_IPHONE_IPAD = NO;
				SWIFT_ACTIVE_COMPILATION_CONDITIONS = (
					"$(inherited)",
					DEBUG,
				);
				SWIFT_COMPILATION_MODE = singlefile;
				SWIFT_OPTIMIZATION_LEVEL = "-Onone";
				SWIFT_VERSION = 5.0;
				TARGETED_DEVICE_FAMILY = 1;
				VERSIONING_SYSTEM = "apple-generic";
				VERSION_INFO_PREFIX = "";
			};
			name = Debug;
		};
		1D1388190647ED043AE809CC /* Release */ = {
			isa = XCBuildConfiguration;
			buildSettings = {
				CODE_SIGN_IDENTITY = "iPhone Developer";
				HEADER_SEARCH_PATHS = (
					"$(inherited)",
					"$(SRCROOT)/../../../../Tuist/.build/checkouts/swift-syntax/Sources/_SwiftSyntaxCShims/include",
				);
				INFOPLIST_FILE = "Derived/InfoPlists/NetworkTests-Info.plist";
				IPHONEOS_DEPLOYMENT_TARGET = 17.0;
				LD_RUNPATH_SEARCH_PATHS = (
					"$(inherited)",
					"@executable_path/Frameworks",
					"@loader_path/Frameworks",
				);
				OTHER_CFLAGS = (
					"$(inherited)",
					"-fmodule-map-file=$(SRCROOT)/../../../../Tuist/.build/checkouts/swift-syntax/Sources/_SwiftSyntaxCShims/include/module.modulemap",
				);
				OTHER_SWIFT_FLAGS = (
					"$(inherited)",
					"-Xcc",
					"-fmodule-map-file=$(SRCROOT)/../../../../Tuist/.build/checkouts/swift-syntax/Sources/_SwiftSyntaxCShims/include/module.modulemap",
					"-load-plugin-executable",
					"$BUILD_DIR/Debug$EFFECTIVE_PLATFORM_NAME/LogMacroMacro#LogMacroMacro",
				);
				PRODUCT_BUNDLE_IDENTIFIER = io.Roy.BookSeries.Network.NetworkTests;
				PRODUCT_NAME = NetworkTests;
				SDKROOT = iphoneos;
				SUPPORTS_MACCATALYST = NO;
				SUPPORTS_MAC_DESIGNED_FOR_IPHONE_IPAD = NO;
				SUPPORTS_XR_DESIGNED_FOR_IPHONE_IPAD = NO;
				SWIFT_COMPILATION_MODE = wholemodule;
				SWIFT_OPTIMIZATION_LEVEL = "-Owholemodule";
				SWIFT_VERSION = 5.0;
				TARGETED_DEVICE_FAMILY = 1;
			};
			name = Release;
		};
		6B970470D05BD43AB109FD11 /* Release */ = {
			isa = XCBuildConfiguration;
			buildSettings = {
				CODE_SIGN_IDENTITY = "";
				CURRENT_PROJECT_VERSION = 1;
				DEFINES_MODULE = YES;
				DYLIB_COMPATIBILITY_VERSION = 1;
				DYLIB_CURRENT_VERSION = 1;
				DYLIB_INSTALL_NAME_BASE = "@rpath";
				HEADER_SEARCH_PATHS = (
					"$(inherited)",
					"$(SRCROOT)/../../../../Tuist/.build/checkouts/swift-syntax/Sources/_SwiftSyntaxCShims/include",
				);
				INFOPLIST_FILE = "Derived/InfoPlists/Network-Debug-Info.plist";
				INSTALL_PATH = "$(LOCAL_LIBRARY_DIR)/Frameworks";
				IPHONEOS_DEPLOYMENT_TARGET = 17.0;
				LD_RUNPATH_SEARCH_PATHS = (
					"$(inherited)",
					"@executable_path/Frameworks",
					"@loader_path/Frameworks",
				);
				MACH_O_TYPE = staticlib;
				OTHER_CFLAGS = (
					"$(inherited)",
					"-fmodule-map-file=$(SRCROOT)/../../../../Tuist/.build/checkouts/swift-syntax/Sources/_SwiftSyntaxCShims/include/module.modulemap",
				);
				OTHER_SWIFT_FLAGS = (
					"$(inherited)",
					"-Xcc",
					"-fmodule-map-file=$(SRCROOT)/../../../../Tuist/.build/checkouts/swift-syntax/Sources/_SwiftSyntaxCShims/include/module.modulemap",
					"-load-plugin-executable",
					"$BUILD_DIR/Debug$EFFECTIVE_PLATFORM_NAME/LogMacroMacro#LogMacroMacro",
				);
				PRODUCT_BUNDLE_IDENTIFIER = io.Roy.BookSeries.Network;
				PRODUCT_NAME = Network_Debug;
				SDKROOT = iphoneos;
				SKIP_INSTALL = YES;
				SUPPORTS_MACCATALYST = NO;
				SUPPORTS_MAC_DESIGNED_FOR_IPHONE_IPAD = NO;
				SUPPORTS_XR_DESIGNED_FOR_IPHONE_IPAD = NO;
				SWIFT_COMPILATION_MODE = wholemodule;
				SWIFT_OPTIMIZATION_LEVEL = "-Owholemodule";
				SWIFT_VERSION = 5.0;
				TARGETED_DEVICE_FAMILY = 1;
				VERSIONING_SYSTEM = "apple-generic";
				VERSION_INFO_PREFIX = "";
			};
			name = Release;
		};
		947635D771C90F79A6697310 /* Release */ = {
			isa = XCBuildConfiguration;
			buildSettings = {
				CODE_SIGN_IDENTITY = "";
				CURRENT_PROJECT_VERSION = 1;
				DEFINES_MODULE = YES;
				DYLIB_COMPATIBILITY_VERSION = 1;
				DYLIB_CURRENT_VERSION = 1;
				DYLIB_INSTALL_NAME_BASE = "@rpath";
				HEADER_SEARCH_PATHS = (
					"$(inherited)",
					"$(SRCROOT)/../../../../Tuist/.build/checkouts/swift-syntax/Sources/_SwiftSyntaxCShims/include",
				);
				INFOPLIST_FILE = "Derived/InfoPlists/Network-Prod-Info.plist";
				INSTALL_PATH = "$(LOCAL_LIBRARY_DIR)/Frameworks";
				IPHONEOS_DEPLOYMENT_TARGET = 17.0;
				LD_RUNPATH_SEARCH_PATHS = (
					"$(inherited)",
					"@executable_path/Frameworks",
					"@loader_path/Frameworks",
				);
				MACH_O_TYPE = staticlib;
				OTHER_CFLAGS = (
					"$(inherited)",
					"-fmodule-map-file=$(SRCROOT)/../../../../Tuist/.build/checkouts/swift-syntax/Sources/_SwiftSyntaxCShims/include/module.modulemap",
				);
				OTHER_SWIFT_FLAGS = (
					"$(inherited)",
					"-Xcc",
					"-fmodule-map-file=$(SRCROOT)/../../../../Tuist/.build/checkouts/swift-syntax/Sources/_SwiftSyntaxCShims/include/module.modulemap",
					"-load-plugin-executable",
					"$BUILD_DIR/Debug$EFFECTIVE_PLATFORM_NAME/LogMacroMacro#LogMacroMacro",
				);
				PRODUCT_BUNDLE_IDENTIFIER = io.Roy.BookSeries.Network;
				PRODUCT_NAME = Network_Prod;
				SDKROOT = iphoneos;
				SKIP_INSTALL = YES;
				SUPPORTS_MACCATALYST = NO;
				SUPPORTS_MAC_DESIGNED_FOR_IPHONE_IPAD = NO;
				SUPPORTS_XR_DESIGNED_FOR_IPHONE_IPAD = NO;
				SWIFT_COMPILATION_MODE = wholemodule;
				SWIFT_OPTIMIZATION_LEVEL = "-Owholemodule";
				SWIFT_VERSION = 5.0;
				TARGETED_DEVICE_FAMILY = 1;
				VERSIONING_SYSTEM = "apple-generic";
				VERSION_INFO_PREFIX = "";
			};
			name = Release;
		};
		987000026A357A040D135D18 /* Release */ = {
			isa = XCBuildConfiguration;
			buildSettings = {
				CODE_SIGN_IDENTITY = "";
				CURRENT_PROJECT_VERSION = 1;
				DEFINES_MODULE = YES;
				DYLIB_COMPATIBILITY_VERSION = 1;
				DYLIB_CURRENT_VERSION = 1;
				DYLIB_INSTALL_NAME_BASE = "@rpath";
				HEADER_SEARCH_PATHS = (
					"$(inherited)",
					"$(SRCROOT)/../../../../Tuist/.build/checkouts/swift-syntax/Sources/_SwiftSyntaxCShims/include",
				);
				INFOPLIST_FILE = "Derived/InfoPlists/Network-Stage-Info.plist";
				INSTALL_PATH = "$(LOCAL_LIBRARY_DIR)/Frameworks";
				IPHONEOS_DEPLOYMENT_TARGET = 17.0;
				LD_RUNPATH_SEARCH_PATHS = (
					"$(inherited)",
					"@executable_path/Frameworks",
					"@loader_path/Frameworks",
				);
				MACH_O_TYPE = staticlib;
				OTHER_CFLAGS = (
					"$(inherited)",
					"-fmodule-map-file=$(SRCROOT)/../../../../Tuist/.build/checkouts/swift-syntax/Sources/_SwiftSyntaxCShims/include/module.modulemap",
				);
				OTHER_SWIFT_FLAGS = (
					"$(inherited)",
					"-Xcc",
					"-fmodule-map-file=$(SRCROOT)/../../../../Tuist/.build/checkouts/swift-syntax/Sources/_SwiftSyntaxCShims/include/module.modulemap",
					"-load-plugin-executable",
					"$BUILD_DIR/Debug$EFFECTIVE_PLATFORM_NAME/LogMacroMacro#LogMacroMacro",
				);
				PRODUCT_BUNDLE_IDENTIFIER = io.Roy.BookSeries.Network;
				PRODUCT_NAME = Network_Stage;
				SDKROOT = iphoneos;
				SKIP_INSTALL = YES;
				SUPPORTS_MACCATALYST = NO;
				SUPPORTS_MAC_DESIGNED_FOR_IPHONE_IPAD = NO;
				SUPPORTS_XR_DESIGNED_FOR_IPHONE_IPAD = NO;
				SWIFT_COMPILATION_MODE = wholemodule;
				SWIFT_OPTIMIZATION_LEVEL = "-Owholemodule";
				SWIFT_VERSION = 5.0;
				TARGETED_DEVICE_FAMILY = 1;
				VERSIONING_SYSTEM = "apple-generic";
				VERSION_INFO_PREFIX = "";
			};
			name = Release;
		};
		C0FC0233689340BAEE7828EF /* Release */ = {
			isa = XCBuildConfiguration;
			buildSettings = {
				CODE_SIGN_IDENTITY = "";
				CURRENT_PROJECT_VERSION = 1;
				DEFINES_MODULE = YES;
				DYLIB_COMPATIBILITY_VERSION = 1;
				DYLIB_CURRENT_VERSION = 1;
				DYLIB_INSTALL_NAME_BASE = "@rpath";
				HEADER_SEARCH_PATHS = (
					"$(inherited)",
					"$(SRCROOT)/../../../../Tuist/.build/checkouts/swift-syntax/Sources/_SwiftSyntaxCShims/include",
				);
				INFOPLIST_FILE = "Derived/InfoPlists/Network-Info.plist";
				INSTALL_PATH = "$(LOCAL_LIBRARY_DIR)/Frameworks";
				IPHONEOS_DEPLOYMENT_TARGET = 17.0;
				LD_RUNPATH_SEARCH_PATHS = (
					"$(inherited)",
					"@executable_path/Frameworks",
					"@loader_path/Frameworks",
				);
				MACH_O_TYPE = staticlib;
				OTHER_CFLAGS = (
					"$(inherited)",
					"-fmodule-map-file=$(SRCROOT)/../../../../Tuist/.build/checkouts/swift-syntax/Sources/_SwiftSyntaxCShims/include/module.modulemap",
				);
				OTHER_SWIFT_FLAGS = (
					"$(inherited)",
					"-Xcc",
					"-fmodule-map-file=$(SRCROOT)/../../../../Tuist/.build/checkouts/swift-syntax/Sources/_SwiftSyntaxCShims/include/module.modulemap",
					"-load-plugin-executable",
					"$BUILD_DIR/Debug$EFFECTIVE_PLATFORM_NAME/LogMacroMacro#LogMacroMacro",
				);
				PRODUCT_BUNDLE_IDENTIFIER = io.Roy.BookSeries.Network;
				PRODUCT_NAME = Network;
				SDKROOT = iphoneos;
				SKIP_INSTALL = YES;
				SUPPORTS_MACCATALYST = NO;
				SUPPORTS_MAC_DESIGNED_FOR_IPHONE_IPAD = NO;
				SUPPORTS_XR_DESIGNED_FOR_IPHONE_IPAD = NO;
				SWIFT_COMPILATION_MODE = wholemodule;
				SWIFT_OPTIMIZATION_LEVEL = "-Owholemodule";
				SWIFT_VERSION = 5.0;
				TARGETED_DEVICE_FAMILY = 1;
				VERSIONING_SYSTEM = "apple-generic";
				VERSION_INFO_PREFIX = "";
			};
			name = Release;
		};
		E003F887272A2101EBD29D1F /* Debug */ = {
			isa = XCBuildConfiguration;
			buildSettings = {
				CODE_SIGN_IDENTITY = "iPhone Developer";
				HEADER_SEARCH_PATHS = (
					"$(inherited)",
					"$(SRCROOT)/../../../../Tuist/.build/checkouts/swift-syntax/Sources/_SwiftSyntaxCShims/include",
				);
				INFOPLIST_FILE = "Derived/InfoPlists/NetworkTests-Info.plist";
				IPHONEOS_DEPLOYMENT_TARGET = 17.0;
				LD_RUNPATH_SEARCH_PATHS = (
					"$(inherited)",
					"@executable_path/Frameworks",
					"@loader_path/Frameworks",
				);
				OTHER_CFLAGS = (
					"$(inherited)",
					"-fmodule-map-file=$(SRCROOT)/../../../../Tuist/.build/checkouts/swift-syntax/Sources/_SwiftSyntaxCShims/include/module.modulemap",
				);
				OTHER_SWIFT_FLAGS = (
					"$(inherited)",
					"-Xcc",
					"-fmodule-map-file=$(SRCROOT)/../../../../Tuist/.build/checkouts/swift-syntax/Sources/_SwiftSyntaxCShims/include/module.modulemap",
					"-load-plugin-executable",
					"$BUILD_DIR/Debug$EFFECTIVE_PLATFORM_NAME/LogMacroMacro#LogMacroMacro",
				);
				PRODUCT_BUNDLE_IDENTIFIER = io.Roy.BookSeries.Network.NetworkTests;
				PRODUCT_NAME = NetworkTests;
				SDKROOT = iphoneos;
				SUPPORTS_MACCATALYST = NO;
				SUPPORTS_MAC_DESIGNED_FOR_IPHONE_IPAD = NO;
				SUPPORTS_XR_DESIGNED_FOR_IPHONE_IPAD = NO;
				SWIFT_ACTIVE_COMPILATION_CONDITIONS = (
					"$(inherited)",
					DEBUG,
				);
				SWIFT_COMPILATION_MODE = singlefile;
				SWIFT_OPTIMIZATION_LEVEL = "-Onone";
				SWIFT_VERSION = 5.0;
				TARGETED_DEVICE_FAMILY = 1;
			};
			name = Debug;
		};
		E13E6846176A9773EDAD6E9B /* Debug */ = {
			isa = XCBuildConfiguration;
			buildSettings = {
				CODE_SIGN_IDENTITY = "";
				CURRENT_PROJECT_VERSION = 1;
				DEFINES_MODULE = YES;
				DYLIB_COMPATIBILITY_VERSION = 1;
				DYLIB_CURRENT_VERSION = 1;
				DYLIB_INSTALL_NAME_BASE = "@rpath";
				HEADER_SEARCH_PATHS = (
					"$(inherited)",
					"$(SRCROOT)/../../../../Tuist/.build/checkouts/swift-syntax/Sources/_SwiftSyntaxCShims/include",
				);
				INFOPLIST_FILE = "Derived/InfoPlists/Network-Debug-Info.plist";
				INSTALL_PATH = "$(LOCAL_LIBRARY_DIR)/Frameworks";
				IPHONEOS_DEPLOYMENT_TARGET = 17.0;
				LD_RUNPATH_SEARCH_PATHS = (
					"$(inherited)",
					"@executable_path/Frameworks",
					"@loader_path/Frameworks",
				);
				MACH_O_TYPE = staticlib;
				OTHER_CFLAGS = (
					"$(inherited)",
					"-fmodule-map-file=$(SRCROOT)/../../../../Tuist/.build/checkouts/swift-syntax/Sources/_SwiftSyntaxCShims/include/module.modulemap",
				);
				OTHER_SWIFT_FLAGS = (
					"$(inherited)",
					"-Xcc",
					"-fmodule-map-file=$(SRCROOT)/../../../../Tuist/.build/checkouts/swift-syntax/Sources/_SwiftSyntaxCShims/include/module.modulemap",
					"-load-plugin-executable",
					"$BUILD_DIR/Debug$EFFECTIVE_PLATFORM_NAME/LogMacroMacro#LogMacroMacro",
				);
				PRODUCT_BUNDLE_IDENTIFIER = io.Roy.BookSeries.Network;
				PRODUCT_NAME = Network_Debug;
				SDKROOT = iphoneos;
				SKIP_INSTALL = YES;
				SUPPORTS_MACCATALYST = NO;
				SUPPORTS_MAC_DESIGNED_FOR_IPHONE_IPAD = NO;
				SUPPORTS_XR_DESIGNED_FOR_IPHONE_IPAD = NO;
				SWIFT_ACTIVE_COMPILATION_CONDITIONS = (
					"$(inherited)",
					DEBUG,
				);
				SWIFT_COMPILATION_MODE = singlefile;
				SWIFT_OPTIMIZATION_LEVEL = "-Onone";
				SWIFT_VERSION = 5.0;
				TARGETED_DEVICE_FAMILY = 1;
				VERSIONING_SYSTEM = "apple-generic";
				VERSION_INFO_PREFIX = "";
			};
			name = Debug;
		};
		E4C55A3B172E7422839CE6F1 /* Debug */ = {
			isa = XCBuildConfiguration;
			buildSettings = {
				CODE_SIGN_IDENTITY = "";
				CURRENT_PROJECT_VERSION = 1;
				DEFINES_MODULE = YES;
				DYLIB_COMPATIBILITY_VERSION = 1;
				DYLIB_CURRENT_VERSION = 1;
				DYLIB_INSTALL_NAME_BASE = "@rpath";
				HEADER_SEARCH_PATHS = (
					"$(inherited)",
					"$(SRCROOT)/../../../../Tuist/.build/checkouts/swift-syntax/Sources/_SwiftSyntaxCShims/include",
				);
				INFOPLIST_FILE = "Derived/InfoPlists/Network-Stage-Info.plist";
				INSTALL_PATH = "$(LOCAL_LIBRARY_DIR)/Frameworks";
				IPHONEOS_DEPLOYMENT_TARGET = 17.0;
				LD_RUNPATH_SEARCH_PATHS = (
					"$(inherited)",
					"@executable_path/Frameworks",
					"@loader_path/Frameworks",
				);
				MACH_O_TYPE = staticlib;
				OTHER_CFLAGS = (
					"$(inherited)",
					"-fmodule-map-file=$(SRCROOT)/../../../../Tuist/.build/checkouts/swift-syntax/Sources/_SwiftSyntaxCShims/include/module.modulemap",
				);
				OTHER_SWIFT_FLAGS = (
					"$(inherited)",
					"-Xcc",
					"-fmodule-map-file=$(SRCROOT)/../../../../Tuist/.build/checkouts/swift-syntax/Sources/_SwiftSyntaxCShims/include/module.modulemap",
					"-load-plugin-executable",
					"$BUILD_DIR/Debug$EFFECTIVE_PLATFORM_NAME/LogMacroMacro#LogMacroMacro",
				);
				PRODUCT_BUNDLE_IDENTIFIER = io.Roy.BookSeries.Network;
				PRODUCT_NAME = Network_Stage;
				SDKROOT = iphoneos;
				SKIP_INSTALL = YES;
				SUPPORTS_MACCATALYST = NO;
				SUPPORTS_MAC_DESIGNED_FOR_IPHONE_IPAD = NO;
				SUPPORTS_XR_DESIGNED_FOR_IPHONE_IPAD = NO;
				SWIFT_ACTIVE_COMPILATION_CONDITIONS = (
					"$(inherited)",
					DEBUG,
				);
				SWIFT_COMPILATION_MODE = singlefile;
				SWIFT_OPTIMIZATION_LEVEL = "-Onone";
				SWIFT_VERSION = 5.0;
				TARGETED_DEVICE_FAMILY = 1;
				VERSIONING_SYSTEM = "apple-generic";
				VERSION_INFO_PREFIX = "";
			};
			name = Debug;
		};
		EC1CDA88B25D7972DF99B786 /* Debug */ = {
			isa = XCBuildConfiguration;
			buildSettings = {
				ALWAYS_SEARCH_USER_PATHS = NO;
				CLANG_ANALYZER_LOCALIZABILITY_NONLOCALIZED = YES;
				CLANG_ANALYZER_NONNULL = YES;
				CLANG_ANALYZER_NUMBER_OBJECT_CONVERSION = YES_AGGRESSIVE;
				CLANG_CXX_LANGUAGE_STANDARD = "gnu++14";
				CLANG_CXX_LIBRARY = "libc++";
				CLANG_ENABLE_MODULES = YES;
				CLANG_ENABLE_OBJC_ARC = YES;
				CLANG_ENABLE_OBJC_WEAK = YES;
				CLANG_WARN_BLOCK_CAPTURE_AUTORELEASING = YES;
				CLANG_WARN_BOOL_CONVERSION = YES;
				CLANG_WARN_COMMA = YES;
				CLANG_WARN_CONSTANT_CONVERSION = YES;
				CLANG_WARN_DEPRECATED_OBJC_IMPLEMENTATIONS = YES;
				CLANG_WARN_DIRECT_OBJC_ISA_USAGE = YES_ERROR;
				CLANG_WARN_DOCUMENTATION_COMMENTS = YES;
				CLANG_WARN_EMPTY_BODY = YES;
				CLANG_WARN_ENUM_CONVERSION = YES;
				CLANG_WARN_INFINITE_RECURSION = YES;
				CLANG_WARN_INT_CONVERSION = YES;
				CLANG_WARN_NON_LITERAL_NULL_CONVERSION = YES;
				CLANG_WARN_OBJC_IMPLICIT_RETAIN_SELF = YES;
				CLANG_WARN_OBJC_LITERAL_CONVERSION = YES;
				CLANG_WARN_OBJC_ROOT_CLASS = YES_ERROR;
				CLANG_WARN_QUOTED_INCLUDE_IN_FRAMEWORK_HEADER = YES;
				CLANG_WARN_RANGE_LOOP_ANALYSIS = YES;
				CLANG_WARN_STRICT_PROTOTYPES = YES;
				CLANG_WARN_SUSPICIOUS_MOVE = YES;
				CLANG_WARN_UNGUARDED_AVAILABILITY = YES_AGGRESSIVE;
				CLANG_WARN_UNREACHABLE_CODE = YES;
				CLANG_WARN__DUPLICATE_METHOD_MATCH = YES;
				COPY_PHASE_STRIP = NO;
				DEAD_CODE_STRIPPING = YES;
				DEBUG_INFORMATION_FORMAT = dwarf;
				ENABLE_STRICT_OBJC_MSGSEND = YES;
				ENABLE_TESTABILITY = YES;
				GCC_C_LANGUAGE_STANDARD = gnu11;
				GCC_DYNAMIC_NO_PIC = NO;
				GCC_NO_COMMON_BLOCKS = YES;
				GCC_OPTIMIZATION_LEVEL = 0;
				GCC_PREPROCESSOR_DEFINITIONS = (
					"DEBUG=1",
					"$(inherited)",
				);
				GCC_WARN_64_TO_32_BIT_CONVERSION = YES;
				GCC_WARN_ABOUT_RETURN_TYPE = YES_ERROR;
				GCC_WARN_UNDECLARED_SELECTOR = YES;
				GCC_WARN_UNINITIALIZED_AUTOS = YES_AGGRESSIVE;
				GCC_WARN_UNUSED_FUNCTION = YES;
				GCC_WARN_UNUSED_VARIABLE = YES;
				MTL_ENABLE_DEBUG_INFO = YES;
				ONLY_ACTIVE_ARCH = YES;
				PRODUCT_NAME = "$(TARGET_NAME)";
			};
			name = Debug;
		};
		F7289CD4700EAB402DCE2DAD /* Release */ = {
			isa = XCBuildConfiguration;
			buildSettings = {
				ALWAYS_SEARCH_USER_PATHS = NO;
				CLANG_ANALYZER_LOCALIZABILITY_NONLOCALIZED = YES;
				CLANG_ANALYZER_NONNULL = YES;
				CLANG_ANALYZER_NUMBER_OBJECT_CONVERSION = YES_AGGRESSIVE;
				CLANG_CXX_LANGUAGE_STANDARD = "gnu++14";
				CLANG_CXX_LIBRARY = "libc++";
				CLANG_ENABLE_MODULES = YES;
				CLANG_ENABLE_OBJC_ARC = YES;
				CLANG_ENABLE_OBJC_WEAK = YES;
				CLANG_WARN_BLOCK_CAPTURE_AUTORELEASING = YES;
				CLANG_WARN_BOOL_CONVERSION = YES;
				CLANG_WARN_COMMA = YES;
				CLANG_WARN_CONSTANT_CONVERSION = YES;
				CLANG_WARN_DEPRECATED_OBJC_IMPLEMENTATIONS = YES;
				CLANG_WARN_DIRECT_OBJC_ISA_USAGE = YES_ERROR;
				CLANG_WARN_DOCUMENTATION_COMMENTS = YES;
				CLANG_WARN_EMPTY_BODY = YES;
				CLANG_WARN_ENUM_CONVERSION = YES;
				CLANG_WARN_INFINITE_RECURSION = YES;
				CLANG_WARN_INT_CONVERSION = YES;
				CLANG_WARN_NON_LITERAL_NULL_CONVERSION = YES;
				CLANG_WARN_OBJC_IMPLICIT_RETAIN_SELF = YES;
				CLANG_WARN_OBJC_LITERAL_CONVERSION = YES;
				CLANG_WARN_OBJC_ROOT_CLASS = YES_ERROR;
				CLANG_WARN_QUOTED_INCLUDE_IN_FRAMEWORK_HEADER = YES;
				CLANG_WARN_RANGE_LOOP_ANALYSIS = YES;
				CLANG_WARN_STRICT_PROTOTYPES = YES;
				CLANG_WARN_SUSPICIOUS_MOVE = YES;
				CLANG_WARN_UNGUARDED_AVAILABILITY = YES_AGGRESSIVE;
				CLANG_WARN_UNREACHABLE_CODE = YES;
				CLANG_WARN__DUPLICATE_METHOD_MATCH = YES;
				COPY_PHASE_STRIP = NO;
				DEAD_CODE_STRIPPING = YES;
				DEBUG_INFORMATION_FORMAT = "dwarf-with-dsym";
				ENABLE_NS_ASSERTIONS = NO;
				ENABLE_STRICT_OBJC_MSGSEND = YES;
				GCC_C_LANGUAGE_STANDARD = gnu11;
				GCC_NO_COMMON_BLOCKS = YES;
				GCC_WARN_64_TO_32_BIT_CONVERSION = YES;
				GCC_WARN_ABOUT_RETURN_TYPE = YES_ERROR;
				GCC_WARN_UNDECLARED_SELECTOR = YES;
				GCC_WARN_UNINITIALIZED_AUTOS = YES_AGGRESSIVE;
				GCC_WARN_UNUSED_FUNCTION = YES;
				GCC_WARN_UNUSED_VARIABLE = YES;
				MTL_ENABLE_DEBUG_INFO = NO;
				PRODUCT_NAME = "$(TARGET_NAME)";
				VALIDATE_PRODUCT = YES;
			};
			name = Release;
		};
		FFB99DC51AE7B2CF9C6F0989 /* Debug */ = {
			isa = XCBuildConfiguration;
			buildSettings = {
				CODE_SIGN_IDENTITY = "";
				CURRENT_PROJECT_VERSION = 1;
				DEFINES_MODULE = YES;
				DYLIB_COMPATIBILITY_VERSION = 1;
				DYLIB_CURRENT_VERSION = 1;
				DYLIB_INSTALL_NAME_BASE = "@rpath";
				HEADER_SEARCH_PATHS = (
					"$(inherited)",
					"$(SRCROOT)/../../../../Tuist/.build/checkouts/swift-syntax/Sources/_SwiftSyntaxCShims/include",
				);
				INFOPLIST_FILE = "Derived/InfoPlists/Network-Prod-Info.plist";
				INSTALL_PATH = "$(LOCAL_LIBRARY_DIR)/Frameworks";
				IPHONEOS_DEPLOYMENT_TARGET = 17.0;
				LD_RUNPATH_SEARCH_PATHS = (
					"$(inherited)",
					"@executable_path/Frameworks",
					"@loader_path/Frameworks",
				);
				MACH_O_TYPE = staticlib;
				OTHER_CFLAGS = (
					"$(inherited)",
					"-fmodule-map-file=$(SRCROOT)/../../../../Tuist/.build/checkouts/swift-syntax/Sources/_SwiftSyntaxCShims/include/module.modulemap",
				);
				OTHER_SWIFT_FLAGS = (
					"$(inherited)",
					"-Xcc",
					"-fmodule-map-file=$(SRCROOT)/../../../../Tuist/.build/checkouts/swift-syntax/Sources/_SwiftSyntaxCShims/include/module.modulemap",
					"-load-plugin-executable",
					"$BUILD_DIR/Debug$EFFECTIVE_PLATFORM_NAME/LogMacroMacro#LogMacroMacro",
				);
				PRODUCT_BUNDLE_IDENTIFIER = io.Roy.BookSeries.Network;
				PRODUCT_NAME = Network_Prod;
				SDKROOT = iphoneos;
				SKIP_INSTALL = YES;
				SUPPORTS_MACCATALYST = NO;
				SUPPORTS_MAC_DESIGNED_FOR_IPHONE_IPAD = NO;
				SUPPORTS_XR_DESIGNED_FOR_IPHONE_IPAD = NO;
				SWIFT_ACTIVE_COMPILATION_CONDITIONS = (
					"$(inherited)",
					DEBUG,
				);
				SWIFT_COMPILATION_MODE = singlefile;
				SWIFT_OPTIMIZATION_LEVEL = "-Onone";
				SWIFT_VERSION = 5.0;
				TARGETED_DEVICE_FAMILY = 1;
				VERSIONING_SYSTEM = "apple-generic";
				VERSION_INFO_PREFIX = "";
			};
			name = Debug;
		};
/* End XCBuildConfiguration section */

/* Begin XCConfigurationList section */
		337C43067ACDF407C9B29C67 /* Build configuration list for PBXNativeTarget "Network-Prod" */ = {
			isa = XCConfigurationList;
			buildConfigurations = (
				FFB99DC51AE7B2CF9C6F0989 /* Debug */,
				947635D771C90F79A6697310 /* Release */,
			);
			defaultConfigurationIsVisible = 0;
			defaultConfigurationName = Release;
		};
		379CEDB68CA75D0691C9BE7E /* Build configuration list for PBXNativeTarget "NetworkTests" */ = {
			isa = XCConfigurationList;
			buildConfigurations = (
				E003F887272A2101EBD29D1F /* Debug */,
				1D1388190647ED043AE809CC /* Release */,
			);
			defaultConfigurationIsVisible = 0;
			defaultConfigurationName = Release;
		};
		729B38D65226926BDC2E54C4 /* Build configuration list for PBXNativeTarget "Network-Debug" */ = {
			isa = XCConfigurationList;
			buildConfigurations = (
				E13E6846176A9773EDAD6E9B /* Debug */,
				6B970470D05BD43AB109FD11 /* Release */,
			);
			defaultConfigurationIsVisible = 0;
			defaultConfigurationName = Release;
		};
		AAE8D133E507755E98BE4D27 /* Build configuration list for PBXNativeTarget "Network" */ = {
			isa = XCConfigurationList;
			buildConfigurations = (
				04F3E82E7E9FD1D398CED439 /* Debug */,
				C0FC0233689340BAEE7828EF /* Release */,
			);
			defaultConfigurationIsVisible = 0;
			defaultConfigurationName = Release;
		};
		D6F8404E921C30AF5A1E6992 /* Build configuration list for PBXNativeTarget "Network-Stage" */ = {
			isa = XCConfigurationList;
			buildConfigurations = (
				E4C55A3B172E7422839CE6F1 /* Debug */,
				987000026A357A040D135D18 /* Release */,
			);
			defaultConfigurationIsVisible = 0;
			defaultConfigurationName = Release;
		};
		EB691E6AAD04B88F092CB587 /* Build configuration list for PBXProject "Network" */ = {
			isa = XCConfigurationList;
			buildConfigurations = (
				EC1CDA88B25D7972DF99B786 /* Debug */,
				F7289CD4700EAB402DCE2DAD /* Release */,
			);
			defaultConfigurationIsVisible = 0;
			defaultConfigurationName = Release;
		};
/* End XCConfigurationList section */
	};
	rootObject = CE30DA66E8F9024F4E5F5F22 /* Project object */;
}
